// !$*UTF8*$!
{
	archiveVersion = 1;
	classes = {
	};
	objectVersion = 46;
	objects = {

/* Begin PBXBuildFile section */
		CB584AAD1CB411010003536B /* AppDelegate.swift in Sources */ = {isa = PBXBuildFile; fileRef = CB584AAC1CB411010003536B /* AppDelegate.swift */; };
		CB584AAF1CB411010003536B /* Assets.xcassets in Resources */ = {isa = PBXBuildFile; fileRef = CB584AAE1CB411010003536B /* Assets.xcassets */; };
		CB584AB21CB411010003536B /* MainMenu.xib in Resources */ = {isa = PBXBuildFile; fileRef = CB584AB01CB411010003536B /* MainMenu.xib */; };
		CB584AE61CB412CA0003536B /* Flue.framework in Frameworks */ = {isa = PBXBuildFile; fileRef = CB584AE31CB412C10003536B /* Flue.framework */; };
/* End PBXBuildFile section */

/* Begin PBXContainerItemProxy section */
		CB584AE21CB412C10003536B /* PBXContainerItemProxy */ = {
			isa = PBXContainerItemProxy;
			containerPortal = CB584ADD1CB412C10003536B /* Flue.xcodeproj */;
			proxyType = 2;
			remoteGlobalIDString = CB4467E21C6A50CF00D49630;
			remoteInfo = Flue;
		};
		CB584AE41CB412C10003536B /* PBXContainerItemProxy */ = {
			isa = PBXContainerItemProxy;
			containerPortal = CB584ADD1CB412C10003536B /* Flue.xcodeproj */;
			proxyType = 2;
			remoteGlobalIDString = CB4467EC1C6A50CF00D49630;
			remoteInfo = FlueTests;
		};
/* End PBXContainerItemProxy section */

/* Begin PBXFileReference section */
		CB584AA91CB411010003536B /* FlueOSXAppExample.app */ = {isa = PBXFileReference; explicitFileType = wrapper.application; includeInIndex = 0; path = FlueOSXAppExample.app; sourceTree = BUILT_PRODUCTS_DIR; };
		CB584AAC1CB411010003536B /* AppDelegate.swift */ = {isa = PBXFileReference; lastKnownFileType = sourcecode.swift; path = AppDelegate.swift; sourceTree = "<group>"; };
		CB584AAE1CB411010003536B /* Assets.xcassets */ = {isa = PBXFileReference; lastKnownFileType = folder.assetcatalog; path = Assets.xcassets; sourceTree = "<group>"; };
		CB584AB11CB411010003536B /* Base */ = {isa = PBXFileReference; lastKnownFileType = file.xib; name = Base; path = Base.lproj/MainMenu.xib; sourceTree = "<group>"; };
		CB584AB31CB411010003536B /* Info.plist */ = {isa = PBXFileReference; lastKnownFileType = text.plist.xml; path = Info.plist; sourceTree = "<group>"; };
		CB584ADD1CB412C10003536B /* Flue.xcodeproj */ = {isa = PBXFileReference; lastKnownFileType = "wrapper.pb-project"; name = Flue.xcodeproj; path = ../../Flue.xcodeproj; sourceTree = "<group>"; };
/* End PBXFileReference section */

/* Begin PBXFrameworksBuildPhase section */
		CB584AA61CB411010003536B /* Frameworks */ = {
			isa = PBXFrameworksBuildPhase;
			buildActionMask = 2147483647;
			files = (
				CB584AE61CB412CA0003536B /* Flue.framework in Frameworks */,
			);
			runOnlyForDeploymentPostprocessing = 0;
		};
/* End PBXFrameworksBuildPhase section */

/* Begin PBXGroup section */
		CB584AA01CB411010003536B = {
			isa = PBXGroup;
			children = (
				CB584ADD1CB412C10003536B /* Flue.xcodeproj */,
				CB584AAB1CB411010003536B /* FlueOSXAppExample */,
				CB584AAA1CB411010003536B /* Products */,
			);
			sourceTree = "<group>";
		};
		CB584AAA1CB411010003536B /* Products */ = {
			isa = PBXGroup;
			children = (
				CB584AA91CB411010003536B /* FlueOSXAppExample.app */,
			);
			name = Products;
			sourceTree = "<group>";
		};
		CB584AAB1CB411010003536B /* FlueOSXAppExample */ = {
			isa = PBXGroup;
			children = (
				CB584AAC1CB411010003536B /* AppDelegate.swift */,
				CB584AAE1CB411010003536B /* Assets.xcassets */,
				CB584AB01CB411010003536B /* MainMenu.xib */,
				CB584AB31CB411010003536B /* Info.plist */,
			);
			path = FlueOSXAppExample;
			sourceTree = "<group>";
		};
		CB584ADE1CB412C10003536B /* Products */ = {
			isa = PBXGroup;
			children = (
				CB584AE31CB412C10003536B /* Flue.framework */,
				CB584AE51CB412C10003536B /* FlueTests.xctest */,
			);
			name = Products;
			sourceTree = "<group>";
		};
/* End PBXGroup section */

/* Begin PBXNativeTarget section */
		CB584AA81CB411010003536B /* FlueOSXAppExample */ = {
			isa = PBXNativeTarget;
			buildConfigurationList = CB584AB61CB411010003536B /* Build configuration list for PBXNativeTarget "FlueOSXAppExample" */;
			buildPhases = (
				CB584AA51CB411010003536B /* Sources */,
				CB584AA61CB411010003536B /* Frameworks */,
				CB584AA71CB411010003536B /* Resources */,
			);
			buildRules = (
			);
			dependencies = (
			);
			name = FlueOSXAppExample;
			productName = FlueOSXAppExample;
			productReference = CB584AA91CB411010003536B /* FlueOSXAppExample.app */;
			productType = "com.apple.product-type.application";
		};
/* End PBXNativeTarget section */

/* Begin PBXProject section */
		CB584AA11CB411010003536B /* Project object */ = {
			isa = PBXProject;
			attributes = {
				LastSwiftUpdateCheck = 0730;
				LastUpgradeCheck = 0730;
				ORGANIZATIONNAME = "Juri Pakaste";
				TargetAttributes = {
					CB584AA81CB411010003536B = {
						CreatedOnToolsVersion = 7.3;
					};
				};
			};
			buildConfigurationList = CB584AA41CB411010003536B /* Build configuration list for PBXProject "FlueOSXAppExample" */;
			compatibilityVersion = "Xcode 3.2";
			developmentRegion = English;
			hasScannedForEncodings = 0;
			knownRegions = (
				en,
				Base,
			);
			mainGroup = CB584AA01CB411010003536B;
			productRefGroup = CB584AAA1CB411010003536B /* Products */;
			projectDirPath = "";
			projectReferences = (
				{
					ProductGroup = CB584ADE1CB412C10003536B /* Products */;
					ProjectRef = CB584ADD1CB412C10003536B /* Flue.xcodeproj */;
				},
			);
			projectRoot = "";
			targets = (
				CB584AA81CB411010003536B /* FlueOSXAppExample */,
			);
		};
/* End PBXProject section */

/* Begin PBXReferenceProxy section */
		CB584AE31CB412C10003536B /* Flue.framework */ = {
			isa = PBXReferenceProxy;
			fileType = wrapper.framework;
			path = Flue.framework;
			remoteRef = CB584AE21CB412C10003536B /* PBXContainerItemProxy */;
			sourceTree = BUILT_PRODUCTS_DIR;
		};
		CB584AE51CB412C10003536B /* FlueTests.xctest */ = {
			isa = PBXReferenceProxy;
			fileType = wrapper.cfbundle;
			path = FlueTests.xctest;
			remoteRef = CB584AE41CB412C10003536B /* PBXContainerItemProxy */;
			sourceTree = BUILT_PRODUCTS_DIR;
		};
/* End PBXReferenceProxy section */

/* Begin PBXResourcesBuildPhase section */
		CB584AA71CB411010003536B /* Resources */ = {
			isa = PBXResourcesBuildPhase;
			buildActionMask = 2147483647;
			files = (
				CB584AAF1CB411010003536B /* Assets.xcassets in Resources */,
				CB584AB21CB411010003536B /* MainMenu.xib in Resources */,
			);
			runOnlyForDeploymentPostprocessing = 0;
		};
/* End PBXResourcesBuildPhase section */

/* Begin PBXSourcesBuildPhase section */
		CB584AA51CB411010003536B /* Sources */ = {
			isa = PBXSourcesBuildPhase;
			buildActionMask = 2147483647;
			files = (
				CB584AAD1CB411010003536B /* AppDelegate.swift in Sources */,
			);
			runOnlyForDeploymentPostprocessing = 0;
		};
/* End PBXSourcesBuildPhase section */

/* Begin PBXVariantGroup section */
		CB584AB01CB411010003536B /* MainMenu.xib */ = {
			isa = PBXVariantGroup;
			children = (
				CB584AB11CB411010003536B /* Base */,
			);
			name = MainMenu.xib;
			sourceTree = "<group>";
		};
/* End PBXVariantGroup section */

/* Begin XCBuildConfiguration section */
		CB584AB41CB411010003536B /* Debug */ = {
			isa = XCBuildConfiguration;
			buildSettings = {
				ALWAYS_SEARCH_USER_PATHS = NO;
				CLANG_ANALYZER_NONNULL = YES;
				CLANG_CXX_LANGUAGE_STANDARD = "gnu++0x";
				CLANG_CXX_LIBRARY = "libc++";
				CLANG_ENABLE_MODULES = YES;
				CLANG_ENABLE_OBJC_ARC = YES;
				CLANG_WARN_BOOL_CONVERSION = YES;
				CLANG_WARN_CONSTANT_CONVERSION = YES;
				CLANG_WARN_DIRECT_OBJC_ISA_USAGE = YES_ERROR;
				CLANG_WARN_EMPTY_BODY = YES;
				CLANG_WARN_ENUM_CONVERSION = YES;
				CLANG_WARN_INT_CONVERSION = YES;
				CLANG_WARN_OBJC_ROOT_CLASS = YES_ERROR;
				CLANG_WARN_UNREACHABLE_CODE = YES;
				CLANG_WARN__DUPLICATE_METHOD_MATCH = YES;
				CODE_SIGN_IDENTITY = "-";
				COPY_PHASE_STRIP = NO;
				DEBUG_INFORMATION_FORMAT = dwarf;
				ENABLE_STRICT_OBJC_MSGSEND = YES;
				ENABLE_TESTABILITY = YES;
				GCC_C_LANGUAGE_STANDARD = gnu99;
				GCC_DYNAMIC_NO_PIC = NO;
				GCC_NO_COMMON_BLOCKS = YES;
				GCC_OPTIMIZATION_LEVEL = 0;
				GCC_PREPROCESSOR_DEFINITIONS = (
					"DEBUG=1",
					"$(inherited)",
				);
				GCC_WARN_64_TO_32_BIT_CONVERSION = YES;
				GCC_WARN_ABOUT_RETURN_TYPE = YES_ERROR;
				GCC_WARN_UNDECLARED_SELECTOR = YES;
				GCC_WARN_UNINITIALIZED_AUTOS = YES_AGGRESSIVE;
				GCC_WARN_UNUSED_FUNCTION = YES;
				GCC_WARN_UNUSED_VARIABLE = YES;
				MACOSX_DEPLOYMENT_TARGET = 10.11;
				MTL_ENABLE_DEBUG_INFO = YES;
				ONLY_ACTIVE_ARCH = YES;
				SDKROOT = macosx;
				SWIFT_OPTIMIZATION_LEVEL = "-Onone";
			};
			name = Debug;
		};
		CB584AB51CB411010003536B /* Release */ = {
			isa = XCBuildConfiguration;
			buildSettings = {
				ALWAYS_SEARCH_USER_PATHS = NO;
				CLANG_ANALYZER_NONNULL = YES;
				CLANG_CXX_LANGUAGE_STANDARD = "gnu++0x";
				CLANG_CXX_LIBRARY = "libc++";
				CLANG_ENABLE_MODULES = YES;
				CLANG_ENABLE_OBJC_ARC = YES;
				CLANG_WARN_BOOL_CONVERSION = YES;
				CLANG_WARN_CONSTANT_CONVERSION = YES;
				CLANG_WARN_DIRECT_OBJC_ISA_USAGE = YES_ERROR;
				CLANG_WARN_EMPTY_BODY = YES;
				CLANG_WARN_ENUM_CONVERSION = YES;
				CLANG_WARN_INT_CONVERSION = YES;
				CLANG_WARN_OBJC_ROOT_CLASS = YES_ERROR;
				CLANG_WARN_UNREACHABLE_CODE = YES;
				CLANG_WARN__DUPLICATE_METHOD_MATCH = YES;
				CODE_SIGN_IDENTITY = "-";
				COPY_PHASE_STRIP = NO;
				DEBUG_INFORMATION_FORMAT = "dwarf-with-dsym";
				ENABLE_NS_ASSERTIONS = NO;
				ENABLE_STRICT_OBJC_MSGSEND = YES;
				GCC_C_LANGUAGE_STANDARD = gnu99;
				GCC_NO_COMMON_BLOCKS = YES;
				GCC_WARN_64_TO_32_BIT_CONVERSION = YES;
				GCC_WARN_ABOUT_RETURN_TYPE = YES_ERROR;
				GCC_WARN_UNDECLARED_SELECTOR = YES;
				GCC_WARN_UNINITIALIZED_AUTOS = YES_AGGRESSIVE;
				GCC_WARN_UNUSED_FUNCTION = YES;
				GCC_WARN_UNUSED_VARIABLE = YES;
				MACOSX_DEPLOYMENT_TARGET = 10.11;
				MTL_ENABLE_DEBUG_INFO = NO;
				SDKROOT = macosx;
			};
			name = Release;
		};
		CB584AB71CB411010003536B /* Debug */ = {
			isa = XCBuildConfiguration;
			buildSettings = {
				ASSETCATALOG_COMPILER_APPICON_NAME = AppIcon;
				COMBINE_HIDPI_IMAGES = YES;
				INFOPLIST_FILE = FlueOSXAppExample/Info.plist;
				LD_RUNPATH_SEARCH_PATHS = "$(inherited) @executable_path/../Frameworks";
				PRODUCT_BUNDLE_IDENTIFIER = fi.juripakaste.FlueOSXAppExample;
				PRODUCT_NAME = "$(TARGET_NAME)";
			};
			name = Debug;
		};
		CB584AB81CB411010003536B /* Release */ = {
			isa = XCBuildConfiguration;
			buildSettings = {
				ASSETCATALOG_COMPILER_APPICON_NAME = AppIcon;
				COMBINE_HIDPI_IMAGES = YES;
				INFOPLIST_FILE = FlueOSXAppExample/Info.plist;
				LD_RUNPATH_SEARCH_PATHS = "$(inherited) @executable_path/../Frameworks";
				PRODUCT_BUNDLE_IDENTIFIER = fi.juripakaste.FlueOSXAppExample;
				PRODUCT_NAME = "$(TARGET_NAME)";
			};
			name = Release;
		};
/* End XCBuildConfiguration section */

/* Begin XCConfigurationList section */
		CB584AA41CB411010003536B /* Build configuration list for PBXProject "FlueOSXAppExample" */ = {
			isa = XCConfigurationList;
			buildConfigurations = (
				CB584AB41CB411010003536B /* Debug */,
				CB584AB51CB411010003536B /* Release */,
			);
			defaultConfigurationIsVisible = 0;
			defaultConfigurationName = Release;
		};
		CB584AB61CB411010003536B /* Build configuration list for PBXNativeTarget "FlueOSXAppExample" */ = {
			isa = XCConfigurationList;
			buildConfigurations = (
				CB584AB71CB411010003536B /* Debug */,
				CB584AB81CB411010003536B /* Release */,
			);
			defaultConfigurationIsVisible = 0;
			defaultConfigurationName = Release;
		};
/* End XCConfigurationList section */
	};
	rootObject = CB584AA11CB411010003536B /* Project object */;
}
